// !$*UTF8*$!
{
	archiveVersion = 1;
	classes = {
	};
	objectVersion = 46;
	objects = {

/* Begin PBXBuildFile section */
		135F92301C766D84005CBD24 /* MemberSelectViewController.swift in Sources */ = {isa = PBXBuildFile; fileRef = 135F922F1C766D83005CBD24 /* MemberSelectViewController.swift */; };
		138B2B7E1C80DB01009180C9 /* MemberSelectTableViewCell.swift in Sources */ = {isa = PBXBuildFile; fileRef = 138B2B7D1C80DB01009180C9 /* MemberSelectTableViewCell.swift */; };
		138B2BA41C8370A4009180C9 /* UIImage+Extension.swift in Sources */ = {isa = PBXBuildFile; fileRef = 138B2BA31C8370A4009180C9 /* UIImage+Extension.swift */; };
		138B2BA81C837BD3009180C9 /* ChortalButton.swift in Sources */ = {isa = PBXBuildFile; fileRef = 138B2BA71C837BD3009180C9 /* ChortalButton.swift */; };
		138B2BAA1C83A12D009180C9 /* OrganizationOverViewController.swift in Sources */ = {isa = PBXBuildFile; fileRef = 138B2BA91C83A12D009180C9 /* OrganizationOverViewController.swift */; };
		9B22CDBB1C7B7874005EE6ED /* MemberSettingsViewController.swift in Sources */ = {isa = PBXBuildFile; fileRef = 9B22CDBA1C7B7874005EE6ED /* MemberSettingsViewController.swift */; };
		9B22CDBD1C7B9EC3005EE6ED /* AdminSettingsViewController.swift in Sources */ = {isa = PBXBuildFile; fileRef = 9B22CDBC1C7B9EC3005EE6ED /* AdminSettingsViewController.swift */; };
		9B2D6C531C824029001CDEFD /* CreateOrJoinViewController.swift in Sources */ = {isa = PBXBuildFile; fileRef = 9B2D6C521C824029001CDEFD /* CreateOrJoinViewController.swift */; };
		9B3E413E1C738247007A16D3 /* MemberHomeViewController.swift in Sources */ = {isa = PBXBuildFile; fileRef = 9B3E413D1C738247007A16D3 /* MemberHomeViewController.swift */; };
		9B3E41401C738253007A16D3 /* AdminHomeViewController.swift in Sources */ = {isa = PBXBuildFile; fileRef = 9B3E413F1C738253007A16D3 /* AdminHomeViewController.swift */; };
		9B3E41421C738295007A16D3 /* CreateOrganizationViewController.swift in Sources */ = {isa = PBXBuildFile; fileRef = 9B3E41411C738295007A16D3 /* CreateOrganizationViewController.swift */; };
		9B3E41441C7382AE007A16D3 /* TaskViewController.swift in Sources */ = {isa = PBXBuildFile; fileRef = 9B3E41431C7382AE007A16D3 /* TaskViewController.swift */; };
		9B3E41461C7391D3007A16D3 /* WelcomeViewController.swift in Sources */ = {isa = PBXBuildFile; fileRef = 9B3E41451C7391D3007A16D3 /* WelcomeViewController.swift */; };
		9B3E414A1C73942D007A16D3 /* UniqueIDViewController.swift in Sources */ = {isa = PBXBuildFile; fileRef = 9B3E41491C73942D007A16D3 /* UniqueIDViewController.swift */; };
		9B3E414C1C739522007A16D3 /* NewTaskViewController.swift in Sources */ = {isa = PBXBuildFile; fileRef = 9B3E414B1C739522007A16D3 /* NewTaskViewController.swift */; };
		9B3E414E1C73A073007A16D3 /* AssignUIDViewController.swift in Sources */ = {isa = PBXBuildFile; fileRef = 9B3E414D1C73A073007A16D3 /* AssignUIDViewController.swift */; };
		9B3E41541C73EA81007A16D3 /* CustomCamCollectionViewCell.swift in Sources */ = {isa = PBXBuildFile; fileRef = 9B3E41531C73EA81007A16D3 /* CustomCamCollectionViewCell.swift */; };
		9B3EB2421C7CB9D400F7AC14 /* CompletedTasksViewController.swift in Sources */ = {isa = PBXBuildFile; fileRef = 9B3EB2411C7CB9D400F7AC14 /* CompletedTasksViewController.swift */; };
		9B3EB2461C7D0DD300F7AC14 /* PushNotifications.swift in Sources */ = {isa = PBXBuildFile; fileRef = 9B3EB2451C7D0DD300F7AC14 /* PushNotifications.swift */; };
		9B5FC2691C737B8B005976FB /* AppDelegate.swift in Sources */ = {isa = PBXBuildFile; fileRef = 9B5FC2681C737B8B005976FB /* AppDelegate.swift */; };
		9B5FC26E1C737B8B005976FB /* Main.storyboard in Resources */ = {isa = PBXBuildFile; fileRef = 9B5FC26C1C737B8B005976FB /* Main.storyboard */; };
		9B5FC2701C737B8B005976FB /* Assets.xcassets in Resources */ = {isa = PBXBuildFile; fileRef = 9B5FC26F1C737B8B005976FB /* Assets.xcassets */; };
		9B5FC2731C737B8B005976FB /* LaunchScreen.storyboard in Resources */ = {isa = PBXBuildFile; fileRef = 9B5FC2711C737B8B005976FB /* LaunchScreen.storyboard */; };
		9B87FCD21C7A591000BB77DA /* SWRevealViewController.m in Sources */ = {isa = PBXBuildFile; fileRef = 9B87FCD11C7A591000BB77DA /* SWRevealViewController.m */; };
		9BA89FD51C7A76D500721A3D /* MemberSidebarTableViewController.swift in Sources */ = {isa = PBXBuildFile; fileRef = 9BA89FD41C7A76D500721A3D /* MemberSidebarTableViewController.swift */; };
		9BA89FD71C7A76DA00721A3D /* AdminSidebarTableViewController.swift in Sources */ = {isa = PBXBuildFile; fileRef = 9BA89FD61C7A76DA00721A3D /* AdminSidebarTableViewController.swift */; };
		9BBBC7351C7D5AAB006347C0 /* UIViewController+Extension.swift in Sources */ = {isa = PBXBuildFile; fileRef = 9BBBC7341C7D5AAB006347C0 /* UIViewController+Extension.swift */; };
		9BC4D2C51C85FB9C00081BF4 /* MemberDetailViewController.swift in Sources */ = {isa = PBXBuildFile; fileRef = 9BC4D2C41C85FB9C00081BF4 /* MemberDetailViewController.swift */; };
		9BD43F451C78CC4800D65902 /* TakeTaskViewController.swift in Sources */ = {isa = PBXBuildFile; fileRef = 9BD43F441C78CC4800D65902 /* TakeTaskViewController.swift */; };
		9BE4C09D1C7E1DBE00381EBC /* CloudKit.framework in Frameworks */ = {isa = PBXBuildFile; fileRef = 9BE4C09C1C7E1DBE00381EBC /* CloudKit.framework */; };
		9BFD82BD1C77825B005A3967 /* Constants.swift in Sources */ = {isa = PBXBuildFile; fileRef = 9BFD82BC1C77825B005A3967 /* Constants.swift */; };
/* End PBXBuildFile section */

/* Begin PBXFileReference section */
		135F92021C737EE8005CBD24 /* Chortal.entitlements */ = {isa = PBXFileReference; lastKnownFileType = text.xml; path = Chortal.entitlements; sourceTree = "<group>"; };
		135F922F1C766D83005CBD24 /* MemberSelectViewController.swift */ = {isa = PBXFileReference; fileEncoding = 4; lastKnownFileType = sourcecode.swift; path = MemberSelectViewController.swift; sourceTree = "<group>"; };
		138B2B7D1C80DB01009180C9 /* MemberSelectTableViewCell.swift */ = {isa = PBXFileReference; fileEncoding = 4; lastKnownFileType = sourcecode.swift; path = MemberSelectTableViewCell.swift; sourceTree = "<group>"; };
		138B2BA31C8370A4009180C9 /* UIImage+Extension.swift */ = {isa = PBXFileReference; fileEncoding = 4; lastKnownFileType = sourcecode.swift; path = "UIImage+Extension.swift"; sourceTree = "<group>"; };
		138B2BA71C837BD3009180C9 /* ChortalButton.swift */ = {isa = PBXFileReference; fileEncoding = 4; lastKnownFileType = sourcecode.swift; path = ChortalButton.swift; sourceTree = "<group>"; };
		138B2BA91C83A12D009180C9 /* OrganizationOverViewController.swift */ = {isa = PBXFileReference; fileEncoding = 4; lastKnownFileType = sourcecode.swift; path = OrganizationOverViewController.swift; sourceTree = "<group>"; };
		9B22CDBA1C7B7874005EE6ED /* MemberSettingsViewController.swift */ = {isa = PBXFileReference; fileEncoding = 4; lastKnownFileType = sourcecode.swift; path = MemberSettingsViewController.swift; sourceTree = "<group>"; };
		9B22CDBC1C7B9EC3005EE6ED /* AdminSettingsViewController.swift */ = {isa = PBXFileReference; fileEncoding = 4; lastKnownFileType = sourcecode.swift; path = AdminSettingsViewController.swift; sourceTree = "<group>"; };
		9B2D6C521C824029001CDEFD /* CreateOrJoinViewController.swift */ = {isa = PBXFileReference; fileEncoding = 4; lastKnownFileType = sourcecode.swift; path = CreateOrJoinViewController.swift; sourceTree = "<group>"; };
		9B3E413D1C738247007A16D3 /* MemberHomeViewController.swift */ = {isa = PBXFileReference; fileEncoding = 4; lastKnownFileType = sourcecode.swift; path = MemberHomeViewController.swift; sourceTree = "<group>"; };
		9B3E413F1C738253007A16D3 /* AdminHomeViewController.swift */ = {isa = PBXFileReference; fileEncoding = 4; lastKnownFileType = sourcecode.swift; path = AdminHomeViewController.swift; sourceTree = "<group>"; };
		9B3E41411C738295007A16D3 /* CreateOrganizationViewController.swift */ = {isa = PBXFileReference; fileEncoding = 4; lastKnownFileType = sourcecode.swift; path = CreateOrganizationViewController.swift; sourceTree = "<group>"; };
		9B3E41431C7382AE007A16D3 /* TaskViewController.swift */ = {isa = PBXFileReference; fileEncoding = 4; lastKnownFileType = sourcecode.swift; path = TaskViewController.swift; sourceTree = "<group>"; };
		9B3E41451C7391D3007A16D3 /* WelcomeViewController.swift */ = {isa = PBXFileReference; fileEncoding = 4; lastKnownFileType = sourcecode.swift; name = WelcomeViewController.swift; path = ../WelcomeViewController.swift; sourceTree = "<group>"; };
		9B3E41491C73942D007A16D3 /* UniqueIDViewController.swift */ = {isa = PBXFileReference; fileEncoding = 4; lastKnownFileType = sourcecode.swift; path = UniqueIDViewController.swift; sourceTree = "<group>"; };
		9B3E414B1C739522007A16D3 /* NewTaskViewController.swift */ = {isa = PBXFileReference; fileEncoding = 4; lastKnownFileType = sourcecode.swift; path = NewTaskViewController.swift; sourceTree = "<group>"; };
		9B3E414D1C73A073007A16D3 /* AssignUIDViewController.swift */ = {isa = PBXFileReference; fileEncoding = 4; lastKnownFileType = sourcecode.swift; path = AssignUIDViewController.swift; sourceTree = "<group>"; };
		9B3E41531C73EA81007A16D3 /* CustomCamCollectionViewCell.swift */ = {isa = PBXFileReference; fileEncoding = 4; lastKnownFileType = sourcecode.swift; name = CustomCamCollectionViewCell.swift; path = ../CustomCamCollectionViewCell.swift; sourceTree = "<group>"; };
		9B3EB2411C7CB9D400F7AC14 /* CompletedTasksViewController.swift */ = {isa = PBXFileReference; fileEncoding = 4; lastKnownFileType = sourcecode.swift; path = CompletedTasksViewController.swift; sourceTree = "<group>"; };
		9B3EB2451C7D0DD300F7AC14 /* PushNotifications.swift */ = {isa = PBXFileReference; fileEncoding = 4; lastKnownFileType = sourcecode.swift; path = PushNotifications.swift; sourceTree = "<group>"; };
		9B5FC2651C737B8B005976FB /* Chortal.app */ = {isa = PBXFileReference; explicitFileType = wrapper.application; includeInIndex = 0; path = Chortal.app; sourceTree = BUILT_PRODUCTS_DIR; };
		9B5FC2681C737B8B005976FB /* AppDelegate.swift */ = {isa = PBXFileReference; lastKnownFileType = sourcecode.swift; path = AppDelegate.swift; sourceTree = "<group>"; };
		9B5FC26D1C737B8B005976FB /* Base */ = {isa = PBXFileReference; lastKnownFileType = file.storyboard; name = Base; path = Base.lproj/Main.storyboard; sourceTree = "<group>"; };
		9B5FC26F1C737B8B005976FB /* Assets.xcassets */ = {isa = PBXFileReference; lastKnownFileType = folder.assetcatalog; path = Assets.xcassets; sourceTree = "<group>"; };
		9B5FC2721C737B8B005976FB /* Base */ = {isa = PBXFileReference; lastKnownFileType = file.storyboard; name = Base; path = Base.lproj/LaunchScreen.storyboard; sourceTree = "<group>"; };
		9B5FC2741C737B8B005976FB /* Info.plist */ = {isa = PBXFileReference; lastKnownFileType = text.plist.xml; path = Info.plist; sourceTree = "<group>"; };
		9B87FCCF1C7A591000BB77DA /* Chortal-Bridging-Header.h */ = {isa = PBXFileReference; lastKnownFileType = sourcecode.c.h; path = "Chortal-Bridging-Header.h"; sourceTree = "<group>"; };
		9B87FCD01C7A591000BB77DA /* SWRevealViewController.h */ = {isa = PBXFileReference; fileEncoding = 4; lastKnownFileType = sourcecode.c.h; path = SWRevealViewController.h; sourceTree = "<group>"; };
		9B87FCD11C7A591000BB77DA /* SWRevealViewController.m */ = {isa = PBXFileReference; fileEncoding = 4; lastKnownFileType = sourcecode.c.objc; path = SWRevealViewController.m; sourceTree = "<group>"; };
		9BA89FD41C7A76D500721A3D /* MemberSidebarTableViewController.swift */ = {isa = PBXFileReference; fileEncoding = 4; lastKnownFileType = sourcecode.swift; name = MemberSidebarTableViewController.swift; path = ../MemberSidebarTableViewController.swift; sourceTree = "<group>"; };
		9BA89FD61C7A76DA00721A3D /* AdminSidebarTableViewController.swift */ = {isa = PBXFileReference; fileEncoding = 4; lastKnownFileType = sourcecode.swift; name = AdminSidebarTableViewController.swift; path = ../AdminSidebarTableViewController.swift; sourceTree = "<group>"; };
		9BBBC7341C7D5AAB006347C0 /* UIViewController+Extension.swift */ = {isa = PBXFileReference; fileEncoding = 4; lastKnownFileType = sourcecode.swift; path = "UIViewController+Extension.swift"; sourceTree = "<group>"; };
		9BC4D2C41C85FB9C00081BF4 /* MemberDetailViewController.swift */ = {isa = PBXFileReference; fileEncoding = 4; lastKnownFileType = sourcecode.swift; path = MemberDetailViewController.swift; sourceTree = "<group>"; };
		9BD43F441C78CC4800D65902 /* TakeTaskViewController.swift */ = {isa = PBXFileReference; fileEncoding = 4; lastKnownFileType = sourcecode.swift; path = TakeTaskViewController.swift; sourceTree = "<group>"; };
		9BE4C09C1C7E1DBE00381EBC /* CloudKit.framework */ = {isa = PBXFileReference; lastKnownFileType = wrapper.framework; name = CloudKit.framework; path = System/Library/Frameworks/CloudKit.framework; sourceTree = SDKROOT; };
		9BF5DC341C74D257006C82AC /* playground.playground */ = {isa = PBXFileReference; lastKnownFileType = file.playground; path = playground.playground; sourceTree = "<group>"; };
		9BFD82BC1C77825B005A3967 /* Constants.swift */ = {isa = PBXFileReference; fileEncoding = 4; lastKnownFileType = sourcecode.swift; path = Constants.swift; sourceTree = "<group>"; };
/* End PBXFileReference section */

/* Begin PBXFrameworksBuildPhase section */
		9B5FC2621C737B8B005976FB /* Frameworks */ = {
			isa = PBXFrameworksBuildPhase;
			buildActionMask = 2147483647;
			files = (
				9BE4C09D1C7E1DBE00381EBC /* CloudKit.framework in Frameworks */,
			);
			runOnlyForDeploymentPostprocessing = 0;
		};
/* End PBXFrameworksBuildPhase section */

/* Begin PBXGroup section */
		9B3E413C1C738239007A16D3 /* ViewControllers */ = {
			isa = PBXGroup;
			children = (
				9B3E413F1C738253007A16D3 /* AdminHomeViewController.swift */,
				9B22CDBC1C7B9EC3005EE6ED /* AdminSettingsViewController.swift */,
				9BA89FD61C7A76DA00721A3D /* AdminSidebarTableViewController.swift */,
				9B3E414D1C73A073007A16D3 /* AssignUIDViewController.swift */,
				9B3EB2411C7CB9D400F7AC14 /* CompletedTasksViewController.swift */,
				9B3E41411C738295007A16D3 /* CreateOrganizationViewController.swift */,
				9B2D6C521C824029001CDEFD /* CreateOrJoinViewController.swift */,
				9BC4D2C41C85FB9C00081BF4 /* MemberDetailViewController.swift */,
				9B3E413D1C738247007A16D3 /* MemberHomeViewController.swift */,
				135F922F1C766D83005CBD24 /* MemberSelectViewController.swift */,
				9B22CDBA1C7B7874005EE6ED /* MemberSettingsViewController.swift */,
				9BA89FD41C7A76D500721A3D /* MemberSidebarTableViewController.swift */,
				9B3E414B1C739522007A16D3 /* NewTaskViewController.swift */,
				138B2BA91C83A12D009180C9 /* OrganizationOverViewController.swift */,
				9BD43F441C78CC4800D65902 /* TakeTaskViewController.swift */,
				9B3E41431C7382AE007A16D3 /* TaskViewController.swift */,
				9B3E41491C73942D007A16D3 /* UniqueIDViewController.swift */,
				9B3E41451C7391D3007A16D3 /* WelcomeViewController.swift */,
			);
			name = ViewControllers;
			sourceTree = "<group>";
		};
		9B3E41551C73EA96007A16D3 /* Custom Classes */ = {
			isa = PBXGroup;
			children = (
				138B2BA31C8370A4009180C9 /* UIImage+Extension.swift */,
				9B87FCD01C7A591000BB77DA /* SWRevealViewController.h */,
				9B87FCD11C7A591000BB77DA /* SWRevealViewController.m */,
				9B87FCCF1C7A591000BB77DA /* Chortal-Bridging-Header.h */,
				138B2BA71C837BD3009180C9 /* ChortalButton.swift */,
				138B2B7D1C80DB01009180C9 /* MemberSelectTableViewCell.swift */,
				9BBBC7341C7D5AAB006347C0 /* UIViewController+Extension.swift */,
				9BFD82BC1C77825B005A3967 /* Constants.swift */,
				9B3EB2451C7D0DD300F7AC14 /* PushNotifications.swift */,
				9B3E41531C73EA81007A16D3 /* CustomCamCollectionViewCell.swift */,
				9BF5DC341C74D257006C82AC /* playground.playground */,
			);
			name = "Custom Classes";
			sourceTree = "<group>";
		};
		9B5FC25C1C737B8B005976FB = {
			isa = PBXGroup;
			children = (
				9BE4C09C1C7E1DBE00381EBC /* CloudKit.framework */,
				9B5FC2671C737B8B005976FB /* Chortal */,
				9B5FC2661C737B8B005976FB /* Products */,
			);
			sourceTree = "<group>";
		};
		9B5FC2661C737B8B005976FB /* Products */ = {
			isa = PBXGroup;
			children = (
				9B5FC2651C737B8B005976FB /* Chortal.app */,
			);
			name = Products;
			sourceTree = "<group>";
		};
		9B5FC2671C737B8B005976FB /* Chortal */ = {
			isa = PBXGroup;
			children = (
				9B3E413C1C738239007A16D3 /* ViewControllers */,
				9B87FCD31C7A592000BB77DA /* Sidebar */,
				9B3E41551C73EA96007A16D3 /* Custom Classes */,
				135F92021C737EE8005CBD24 /* Chortal.entitlements */,
				9B5FC2681C737B8B005976FB /* AppDelegate.swift */,
				9B5FC26C1C737B8B005976FB /* Main.storyboard */,
				9B5FC26F1C737B8B005976FB /* Assets.xcassets */,
				9B5FC2711C737B8B005976FB /* LaunchScreen.storyboard */,
				9B5FC2741C737B8B005976FB /* Info.plist */,
			);
			path = Chortal;
			sourceTree = "<group>";
		};
		9B87FCD31C7A592000BB77DA /* Sidebar */ = {
			isa = PBXGroup;
			children = (
			);
			name = Sidebar;
			sourceTree = "<group>";
		};
/* End PBXGroup section */

/* Begin PBXNativeTarget section */
		9B5FC2641C737B8B005976FB /* Chortal */ = {
			isa = PBXNativeTarget;
			buildConfigurationList = 9B5FC2771C737B8B005976FB /* Build configuration list for PBXNativeTarget "Chortal" */;
			buildPhases = (
				9B5FC2611C737B8B005976FB /* Sources */,
				9B5FC2621C737B8B005976FB /* Frameworks */,
				9B5FC2631C737B8B005976FB /* Resources */,
			);
			buildRules = (
			);
			dependencies = (
			);
			name = Chortal;
			productName = Chortal;
			productReference = 9B5FC2651C737B8B005976FB /* Chortal.app */;
			productType = "com.apple.product-type.application";
		};
/* End PBXNativeTarget section */

/* Begin PBXProject section */
		9B5FC25D1C737B8B005976FB /* Project object */ = {
			isa = PBXProject;
			attributes = {
				LastSwiftUpdateCheck = 0720;
				LastUpgradeCheck = 0720;
				ORGANIZATIONNAME = JonerDos;
				TargetAttributes = {
					9B5FC2641C737B8B005976FB = {
						CreatedOnToolsVersion = 7.2.1;
						DevelopmentTeam = D95EZ83BDJ;
						SystemCapabilities = {
							com.apple.BackgroundModes = {
								enabled = 1;
							};
							com.apple.Push = {
								enabled = 1;
							};
							com.apple.iCloud = {
								enabled = 1;
							};
						};
					};
				};
			};
			buildConfigurationList = 9B5FC2601C737B8B005976FB /* Build configuration list for PBXProject "Chortal" */;
			compatibilityVersion = "Xcode 3.2";
			developmentRegion = English;
			hasScannedForEncodings = 0;
			knownRegions = (
				en,
				Base,
			);
			mainGroup = 9B5FC25C1C737B8B005976FB;
			productRefGroup = 9B5FC2661C737B8B005976FB /* Products */;
			projectDirPath = "";
			projectRoot = "";
			targets = (
				9B5FC2641C737B8B005976FB /* Chortal */,
			);
		};
/* End PBXProject section */

/* Begin PBXResourcesBuildPhase section */
		9B5FC2631C737B8B005976FB /* Resources */ = {
			isa = PBXResourcesBuildPhase;
			buildActionMask = 2147483647;
			files = (
				9B5FC2731C737B8B005976FB /* LaunchScreen.storyboard in Resources */,
				9B5FC2701C737B8B005976FB /* Assets.xcassets in Resources */,
				9B5FC26E1C737B8B005976FB /* Main.storyboard in Resources */,
			);
			runOnlyForDeploymentPostprocessing = 0;
		};
/* End PBXResourcesBuildPhase section */

/* Begin PBXSourcesBuildPhase section */
		9B5FC2611C737B8B005976FB /* Sources */ = {
			isa = PBXSourcesBuildPhase;
			buildActionMask = 2147483647;
			files = (
				135F92301C766D84005CBD24 /* MemberSelectViewController.swift in Sources */,
				9B3E41441C7382AE007A16D3 /* TaskViewController.swift in Sources */,
				9B3E414E1C73A073007A16D3 /* AssignUIDViewController.swift in Sources */,
				138B2BAA1C83A12D009180C9 /* OrganizationOverViewController.swift in Sources */,
				138B2BA81C837BD3009180C9 /* ChortalButton.swift in Sources */,
				138B2B7E1C80DB01009180C9 /* MemberSelectTableViewCell.swift in Sources */,
				9B3E41541C73EA81007A16D3 /* CustomCamCollectionViewCell.swift in Sources */,
				9B2D6C531C824029001CDEFD /* CreateOrJoinViewController.swift in Sources */,
				9B3EB2461C7D0DD300F7AC14 /* PushNotifications.swift in Sources */,
				9B22CDBB1C7B7874005EE6ED /* MemberSettingsViewController.swift in Sources */,
				9BC4D2C51C85FB9C00081BF4 /* MemberDetailViewController.swift in Sources */,
				9BD43F451C78CC4800D65902 /* TakeTaskViewController.swift in Sources */,
				9B22CDBD1C7B9EC3005EE6ED /* AdminSettingsViewController.swift in Sources */,
				9B3E414A1C73942D007A16D3 /* UniqueIDViewController.swift in Sources */,
				138B2BA41C8370A4009180C9 /* UIImage+Extension.swift in Sources */,
				9B3EB2421C7CB9D400F7AC14 /* CompletedTasksViewController.swift in Sources */,
				9B3E413E1C738247007A16D3 /* MemberHomeViewController.swift in Sources */,
				9B3E414C1C739522007A16D3 /* NewTaskViewController.swift in Sources */,
				9BA89FD71C7A76DA00721A3D /* AdminSidebarTableViewController.swift in Sources */,
				9B3E41421C738295007A16D3 /* CreateOrganizationViewController.swift in Sources */,
				9BA89FD51C7A76D500721A3D /* MemberSidebarTableViewController.swift in Sources */,
				9B87FCD21C7A591000BB77DA /* SWRevealViewController.m in Sources */,
				9B5FC2691C737B8B005976FB /* AppDelegate.swift in Sources */,
				9BFD82BD1C77825B005A3967 /* Constants.swift in Sources */,
				9BBBC7351C7D5AAB006347C0 /* UIViewController+Extension.swift in Sources */,
				9B3E41401C738253007A16D3 /* AdminHomeViewController.swift in Sources */,
				9B3E41461C7391D3007A16D3 /* WelcomeViewController.swift in Sources */,
			);
			runOnlyForDeploymentPostprocessing = 0;
		};
/* End PBXSourcesBuildPhase section */

/* Begin PBXVariantGroup section */
		9B5FC26C1C737B8B005976FB /* Main.storyboard */ = {
			isa = PBXVariantGroup;
			children = (
				9B5FC26D1C737B8B005976FB /* Base */,
			);
			name = Main.storyboard;
			sourceTree = "<group>";
		};
		9B5FC2711C737B8B005976FB /* LaunchScreen.storyboard */ = {
			isa = PBXVariantGroup;
			children = (
				9B5FC2721C737B8B005976FB /* Base */,
			);
			name = LaunchScreen.storyboard;
			sourceTree = "<group>";
		};
/* End PBXVariantGroup section */

/* Begin XCBuildConfiguration section */
		9B5FC2751C737B8B005976FB /* Debug */ = {
			isa = XCBuildConfiguration;
			buildSettings = {
				ALWAYS_SEARCH_USER_PATHS = NO;
				CLANG_CXX_LANGUAGE_STANDARD = "gnu++0x";
				CLANG_CXX_LIBRARY = "libc++";
				CLANG_ENABLE_MODULES = YES;
				CLANG_ENABLE_OBJC_ARC = YES;
				CLANG_WARN_BOOL_CONVERSION = YES;
				CLANG_WARN_CONSTANT_CONVERSION = YES;
				CLANG_WARN_DIRECT_OBJC_ISA_USAGE = YES_ERROR;
				CLANG_WARN_EMPTY_BODY = YES;
				CLANG_WARN_ENUM_CONVERSION = YES;
				CLANG_WARN_INT_CONVERSION = YES;
				CLANG_WARN_OBJC_ROOT_CLASS = YES_ERROR;
				CLANG_WARN_UNREACHABLE_CODE = YES;
				CLANG_WARN__DUPLICATE_METHOD_MATCH = YES;
				"CODE_SIGN_IDENTITY[sdk=iphoneos*]" = "iPhone Developer";
				COPY_PHASE_STRIP = NO;
				DEBUG_INFORMATION_FORMAT = dwarf;
				ENABLE_STRICT_OBJC_MSGSEND = YES;
				ENABLE_TESTABILITY = YES;
				GCC_C_LANGUAGE_STANDARD = gnu99;
				GCC_DYNAMIC_NO_PIC = NO;
				GCC_NO_COMMON_BLOCKS = YES;
				GCC_OPTIMIZATION_LEVEL = 0;
				GCC_PREPROCESSOR_DEFINITIONS = (
					"DEBUG=1",
					"$(inherited)",
				);
				GCC_WARN_64_TO_32_BIT_CONVERSION = YES;
				GCC_WARN_ABOUT_RETURN_TYPE = YES_ERROR;
				GCC_WARN_UNDECLARED_SELECTOR = YES;
				GCC_WARN_UNINITIALIZED_AUTOS = YES_AGGRESSIVE;
				GCC_WARN_UNUSED_FUNCTION = YES;
				GCC_WARN_UNUSED_VARIABLE = YES;
				IPHONEOS_DEPLOYMENT_TARGET = 9.2;
				MTL_ENABLE_DEBUG_INFO = YES;
				ONLY_ACTIVE_ARCH = YES;
				SDKROOT = iphoneos;
				SWIFT_OPTIMIZATION_LEVEL = "-Onone";
			};
			name = Debug;
		};
		9B5FC2761C737B8B005976FB /* Release */ = {
			isa = XCBuildConfiguration;
			buildSettings = {
				ALWAYS_SEARCH_USER_PATHS = NO;
				CLANG_CXX_LANGUAGE_STANDARD = "gnu++0x";
				CLANG_CXX_LIBRARY = "libc++";
				CLANG_ENABLE_MODULES = YES;
				CLANG_ENABLE_OBJC_ARC = YES;
				CLANG_WARN_BOOL_CONVERSION = YES;
				CLANG_WARN_CONSTANT_CONVERSION = YES;
				CLANG_WARN_DIRECT_OBJC_ISA_USAGE = YES_ERROR;
				CLANG_WARN_EMPTY_BODY = YES;
				CLANG_WARN_ENUM_CONVERSION = YES;
				CLANG_WARN_INT_CONVERSION = YES;
				CLANG_WARN_OBJC_ROOT_CLASS = YES_ERROR;
				CLANG_WARN_UNREACHABLE_CODE = YES;
				CLANG_WARN__DUPLICATE_METHOD_MATCH = YES;
				"CODE_SIGN_IDENTITY[sdk=iphoneos*]" = "iPhone Developer";
				COPY_PHASE_STRIP = NO;
				DEBUG_INFORMATION_FORMAT = "dwarf-with-dsym";
				ENABLE_NS_ASSERTIONS = NO;
				ENABLE_STRICT_OBJC_MSGSEND = YES;
				GCC_C_LANGUAGE_STANDARD = gnu99;
				GCC_NO_COMMON_BLOCKS = YES;
				GCC_WARN_64_TO_32_BIT_CONVERSION = YES;
				GCC_WARN_ABOUT_RETURN_TYPE = YES_ERROR;
				GCC_WARN_UNDECLARED_SELECTOR = YES;
				GCC_WARN_UNINITIALIZED_AUTOS = YES_AGGRESSIVE;
				GCC_WARN_UNUSED_FUNCTION = YES;
				GCC_WARN_UNUSED_VARIABLE = YES;
				IPHONEOS_DEPLOYMENT_TARGET = 9.2;
				MTL_ENABLE_DEBUG_INFO = NO;
				SDKROOT = iphoneos;
				VALIDATE_PRODUCT = YES;
			};
			name = Release;
		};
		9B5FC2781C737B8B005976FB /* Debug */ = {
			isa = XCBuildConfiguration;
			buildSettings = {
				ASSETCATALOG_COMPILER_APPICON_NAME = AppIcon;
				CLANG_ENABLE_MODULES = YES;
				CODE_SIGN_ENTITLEMENTS = Chortal/Chortal.entitlements;
				CODE_SIGN_IDENTITY = "iPhone Developer";
				"CODE_SIGN_IDENTITY[sdk=iphoneos*]" = "iPhone Developer";
				INFOPLIST_FILE = Chortal/Info.plist;
				LD_RUNPATH_SEARCH_PATHS = "$(inherited) @executable_path/Frameworks";
				PRODUCT_BUNDLE_IDENTIFIER = JonerDos.Chortal;
				PRODUCT_NAME = "$(TARGET_NAME)";
				PROVISIONING_PROFILE = "";
				SWIFT_OBJC_BRIDGING_HEADER = "Chortal/Chortal-Bridging-Header.h";
				SWIFT_OPTIMIZATION_LEVEL = "-Onone";
			};
			name = Debug;
		};
		9B5FC2791C737B8B005976FB /* Release */ = {
			isa = XCBuildConfiguration;
			buildSettings = {
				ASSETCATALOG_COMPILER_APPICON_NAME = AppIcon;
				CLANG_ENABLE_MODULES = YES;
				CODE_SIGN_ENTITLEMENTS = Chortal/Chortal.entitlements;
				CODE_SIGN_IDENTITY = "iPhone Developer";
				"CODE_SIGN_IDENTITY[sdk=iphoneos*]" = "iPhone Developer";
				INFOPLIST_FILE = Chortal/Info.plist;
				LD_RUNPATH_SEARCH_PATHS = "$(inherited) @executable_path/Frameworks";
				PRODUCT_BUNDLE_IDENTIFIER = JonerDos.Chortal;
				PRODUCT_NAME = "$(TARGET_NAME)";
				PROVISIONING_PROFILE = "";
				SWIFT_OBJC_BRIDGING_HEADER = "Chortal/Chortal-Bridging-Header.h";
			};
			name = Release;
		};
/* End XCBuildConfiguration section */

/* Begin XCConfigurationList section */
		9B5FC2601C737B8B005976FB /* Build configuration list for PBXProject "Chortal" */ = {
			isa = XCConfigurationList;
			buildConfigurations = (
				9B5FC2751C737B8B005976FB /* Debug */,
				9B5FC2761C737B8B005976FB /* Release */,
			);
			defaultConfigurationIsVisible = 0;
			defaultConfigurationName = Release;
		};
		9B5FC2771C737B8B005976FB /* Build configuration list for PBXNativeTarget "Chortal" */ = {
			isa = XCConfigurationList;
			buildConfigurations = (
				9B5FC2781C737B8B005976FB /* Debug */,
				9B5FC2791C737B8B005976FB /* Release */,
			);
			defaultConfigurationIsVisible = 0;
			defaultConfigurationName = Release;
		};
/* End XCConfigurationList section */
	};
	rootObject = 9B5FC25D1C737B8B005976FB /* Project object */;
}
